{
    "_readme": [
        "This file locks the dependencies of your project to a known state",
        "Read more about it at https://getcomposer.org/doc/01-basic-usage.md#installing-dependencies",
        "This file is @generated automatically"
    ],
    "content-hash": "cc07b94a8f7d293a6b9e3443e8246530",
    "packages": [
        {
            "name": "hi-folks/array",
            "version": "0.0.4",
            "source": {
                "type": "git",
                "url": "https://github.com/Hi-Folks/array.git",
                "reference": "ab2282b4ce15f77575224cd9e63359f03a1ae3eb"
            },
            "dist": {
                "type": "zip",
                "url": "https://api.github.com/repos/Hi-Folks/array/zipball/ab2282b4ce15f77575224cd9e63359f03a1ae3eb",
                "reference": "ab2282b4ce15f77575224cd9e63359f03a1ae3eb",
                "shasum": ""
            },
            "require": {
                "php": "^8.0"
            },
            "require-dev": {
                "friendsofphp/php-cs-fixer": "^3.0",
                "pestphp/pest": "^1.20",
                "spatie/ray": "^1.28"
            },
            "type": "library",
            "autoload": {
                "psr-4": {
                    "HiFolks\\DataType\\": "src"
                }
            },
            "notification-url": "https://packagist.org/downloads/",
            "license": [
                "MIT"
            ],
            "authors": [
                {
                    "name": "Roberto B.",
                    "email": "roberto.butti@gmail.com",
                    "role": "Developer"
                }
            ],
            "description": "Arr class for managing arrays, built on top of the PHP array functions.",
            "homepage": "https://github.com/hi-folks/array",
            "keywords": [
                "array",
                "hi-folks"
            ],
            "support": {
                "issues": "https://github.com/Hi-Folks/array/issues",
                "source": "https://github.com/Hi-Folks/array/tree/v0.0.4"
            },
            "funding": [
                {
                    "url": "https://github.com/Hi-Folks",
                    "type": "github"
                }
            ],
            "time": "2021-12-28T10:48:59+00:00"
        }
    ],
    "packages-dev": [],
    "aliases": [],
    "minimum-stability": "stable",
    "stability-flags": [],
    "prefer-stable": false,
    "prefer-lowest": false,
    "platform": [],
    "platform-dev": [],
    "plugin-api-version": "2.0.0"
}
